
Microsoft Visual Studio Solution File, Format Version 12.00
# Visual Studio 15
Project("{FAE04EC0-301F-11D3-BF4B-00C04F79EFBC}") = "Assembly-CSharp", "Assembly-CSharp.csproj", "{DD452B57-4457-ED27-F1E2-7D892A919530}"
EndProject
Project("{FAE04EC0-301F-11D3-BF4B-00C04F79EFBC}") = "Assembly-CSharp-Editor", "Assembly-CSharp-Editor.csproj", "{CCCDA98C-149F-4FAA-ED37-D0253BFF1E02}"
EndProject
Global
	GlobalSection(SolutionConfigurationPlatforms) = preSolution
		Debug|Any CPU = Debug|Any CPU
		Release|Any CPU = Release|Any CPU
	EndGlobalSection
	GlobalSection(ProjectConfigurationPlatforms) = postSolution
		{DD452B57-4457-ED27-F1E2-7D892A919530}.Debug|Any CPU.ActiveCfg = Debug|Any CPU
		{DD452B57-4457-ED27-F1E2-7D892A919530}.Debug|Any CPU.Build.0 = Debug|Any CPU
		{DD452B57-4457-ED27-F1E2-7D892A919530}.Release|Any CPU.ActiveCfg = Release|Any CPU
		{DD452B57-4457-ED27-F1E2-7D892A919530}.Release|Any CPU.Build.0 = Release|Any CPU
		{CCCDA98C-149F-4FAA-ED37-D0253BFF1E02}.Debug|Any CPU.ActiveCfg = Debug|Any CPU
		{CCCDA98C-149F-4FAA-ED37-D0253BFF1E02}.Debug|Any CPU.Build.0 = Debug|Any CPU
		{CCCDA98C-149F-4FAA-ED37-D0253BFF1E02}.Release|Any CPU.ActiveCfg = Release|Any CPU
		{CCCDA98C-149F-4FAA-ED37-D0253BFF1E02}.Release|Any CPU.Build.0 = Release|Any CPU
	EndGlobalSection
	GlobalSection(SolutionProperties) = preSolution
		HideSolutionNode = FALSE
	EndGlobalSection
EndGlobal
